// !$*UTF8*$!
{
	archiveVersion = 1;
	classes = {
	};
	objectVersion = 46;
	objects = {

/* Begin PBXBuildFile section */
		6C8A71FD1D2FE90D00DA0999 /* PlaySoundViewController.swift in Sources */ = {isa = PBXBuildFile; fileRef = 6C8A71FC1D2FE90D00DA0999 /* PlaySoundViewController.swift */; };
		6C8A71FF1D2FF83700DA0999 /* PlaySoundsViewController+Audio.swift in Sources */ = {isa = PBXBuildFile; fileRef = 6C8A71FE1D2FF83700DA0999 /* PlaySoundsViewController+Audio.swift */; };
		6CB1C4011D2E96E2004D2395 /* AppDelegate.swift in Sources */ = {isa = PBXBuildFile; fileRef = 6CB1C4001D2E96E2004D2395 /* AppDelegate.swift */; };
		6CB1C4031D2E96E2004D2395 /* RecordSoundViewController.swift in Sources */ = {isa = PBXBuildFile; fileRef = 6CB1C4021D2E96E2004D2395 /* RecordSoundViewController.swift */; };
		6CB1C4061D2E96E2004D2395 /* Main.storyboard in Resources */ = {isa = PBXBuildFile; fileRef = 6CB1C4041D2E96E2004D2395 /* Main.storyboard */; };
		6CB1C4081D2E96E2004D2395 /* Assets.xcassets in Resources */ = {isa = PBXBuildFile; fileRef = 6CB1C4071D2E96E2004D2395 /* Assets.xcassets */; };
		6CB1C40B1D2E96E2004D2395 /* LaunchScreen.storyboard in Resources */ = {isa = PBXBuildFile; fileRef = 6CB1C4091D2E96E2004D2395 /* LaunchScreen.storyboard */; };
		6CB1C4161D2E96E2004D2395 /* PitchPerfectTests.swift in Sources */ = {isa = PBXBuildFile; fileRef = 6CB1C4151D2E96E2004D2395 /* PitchPerfectTests.swift */; };
		6CB1C4211D2E96E2004D2395 /* PitchPerfectUITests.swift in Sources */ = {isa = PBXBuildFile; fileRef = 6CB1C4201D2E96E2004D2395 /* PitchPerfectUITests.swift */; };
/* End PBXBuildFile section */

/* Begin PBXContainerItemProxy section */
		6CB1C4121D2E96E2004D2395 /* PBXContainerItemProxy */ = {
			isa = PBXContainerItemProxy;
			containerPortal = 6CB1C3F51D2E96E2004D2395 /* Project object */;
			proxyType = 1;
			remoteGlobalIDString = 6CB1C3FC1D2E96E2004D2395;
			remoteInfo = PitchPerfect;
		};
		6CB1C41D1D2E96E2004D2395 /* PBXContainerItemProxy */ = {
			isa = PBXContainerItemProxy;
			containerPortal = 6CB1C3F51D2E96E2004D2395 /* Project object */;
			proxyType = 1;
			remoteGlobalIDString = 6CB1C3FC1D2E96E2004D2395;
			remoteInfo = PitchPerfect;
		};
/* End PBXContainerItemProxy section */

/* Begin PBXFileReference section */
		6C8A71FC1D2FE90D00DA0999 /* PlaySoundViewController.swift */ = {isa = PBXFileReference; fileEncoding = 4; lastKnownFileType = sourcecode.swift; path = PlaySoundViewController.swift; sourceTree = "<group>"; };
		6C8A71FE1D2FF83700DA0999 /* PlaySoundsViewController+Audio.swift */ = {isa = PBXFileReference; fileEncoding = 4; lastKnownFileType = sourcecode.swift; path = "PlaySoundsViewController+Audio.swift"; sourceTree = "<group>"; };
		6CB1C3FD1D2E96E2004D2395 /* PitchPerfect.app */ = {isa = PBXFileReference; explicitFileType = wrapper.application; includeInIndex = 0; path = PitchPerfect.app; sourceTree = BUILT_PRODUCTS_DIR; };
		6CB1C4001D2E96E2004D2395 /* AppDelegate.swift */ = {isa = PBXFileReference; lastKnownFileType = sourcecode.swift; path = AppDelegate.swift; sourceTree = "<group>"; };
		6CB1C4021D2E96E2004D2395 /* RecordSoundViewController.swift */ = {isa = PBXFileReference; lastKnownFileType = sourcecode.swift; path = RecordSoundViewController.swift; sourceTree = "<group>"; };
		6CB1C4051D2E96E2004D2395 /* Base */ = {isa = PBXFileReference; lastKnownFileType = file.storyboard; name = Base; path = Base.lproj/Main.storyboard; sourceTree = "<group>"; };
		6CB1C4071D2E96E2004D2395 /* Assets.xcassets */ = {isa = PBXFileReference; lastKnownFileType = folder.assetcatalog; path = Assets.xcassets; sourceTree = "<group>"; };
		6CB1C40A1D2E96E2004D2395 /* Base */ = {isa = PBXFileReference; lastKnownFileType = file.storyboard; name = Base; path = Base.lproj/LaunchScreen.storyboard; sourceTree = "<group>"; };
		6CB1C40C1D2E96E2004D2395 /* Info.plist */ = {isa = PBXFileReference; lastKnownFileType = text.plist.xml; path = Info.plist; sourceTree = "<group>"; };
		6CB1C4111D2E96E2004D2395 /* PitchPerfectTests.xctest */ = {isa = PBXFileReference; explicitFileType = wrapper.cfbundle; includeInIndex = 0; path = PitchPerfectTests.xctest; sourceTree = BUILT_PRODUCTS_DIR; };
		6CB1C4151D2E96E2004D2395 /* PitchPerfectTests.swift */ = {isa = PBXFileReference; lastKnownFileType = sourcecode.swift; path = PitchPerfectTests.swift; sourceTree = "<group>"; };
		6CB1C4171D2E96E2004D2395 /* Info.plist */ = {isa = PBXFileReference; lastKnownFileType = text.plist.xml; path = Info.plist; sourceTree = "<group>"; };
		6CB1C41C1D2E96E2004D2395 /* PitchPerfectUITests.xctest */ = {isa = PBXFileReference; explicitFileType = wrapper.cfbundle; includeInIndex = 0; path = PitchPerfectUITests.xctest; sourceTree = BUILT_PRODUCTS_DIR; };
		6CB1C4201D2E96E2004D2395 /* PitchPerfectUITests.swift */ = {isa = PBXFileReference; lastKnownFileType = sourcecode.swift; path = PitchPerfectUITests.swift; sourceTree = "<group>"; };
		6CB1C4221D2E96E2004D2395 /* Info.plist */ = {isa = PBXFileReference; lastKnownFileType = text.plist.xml; path = Info.plist; sourceTree = "<group>"; };
/* End PBXFileReference section */

/* Begin PBXFrameworksBuildPhase section */
		6CB1C3FA1D2E96E2004D2395 /* Frameworks */ = {
			isa = PBXFrameworksBuildPhase;
			buildActionMask = 2147483647;
			files = (
			);
			runOnlyForDeploymentPostprocessing = 0;
		};
		6CB1C40E1D2E96E2004D2395 /* Frameworks */ = {
			isa = PBXFrameworksBuildPhase;
			buildActionMask = 2147483647;
			files = (
			);
			runOnlyForDeploymentPostprocessing = 0;
		};
		6CB1C4191D2E96E2004D2395 /* Frameworks */ = {
			isa = PBXFrameworksBuildPhase;
			buildActionMask = 2147483647;
			files = (
			);
			runOnlyForDeploymentPostprocessing = 0;
		};
/* End PBXFrameworksBuildPhase section */

/* Begin PBXGroup section */
		6CB1C3F41D2E96E2004D2395 = {
			isa = PBXGroup;
			children = (
				6CB1C3FF1D2E96E2004D2395 /* PitchPerfect */,
				6CB1C4141D2E96E2004D2395 /* PitchPerfectTests */,
				6CB1C41F1D2E96E2004D2395 /* PitchPerfectUITests */,
				6CB1C3FE1D2E96E2004D2395 /* Products */,
			);
			sourceTree = "<group>";
		};
		6CB1C3FE1D2E96E2004D2395 /* Products */ = {
			isa = PBXGroup;
			children = (
				6CB1C3FD1D2E96E2004D2395 /* PitchPerfect.app */,
				6CB1C4111D2E96E2004D2395 /* PitchPerfectTests.xctest */,
				6CB1C41C1D2E96E2004D2395 /* PitchPerfectUITests.xctest */,
			);
			name = Products;
			sourceTree = "<group>";
		};
		6CB1C3FF1D2E96E2004D2395 /* PitchPerfect */ = {
			isa = PBXGroup;
			children = (
				6CB1C4001D2E96E2004D2395 /* AppDelegate.swift */,
				6CB1C4021D2E96E2004D2395 /* RecordSoundViewController.swift */,
				6C8A71FC1D2FE90D00DA0999 /* PlaySoundViewController.swift */,
				6C8A71FE1D2FF83700DA0999 /* PlaySoundsViewController+Audio.swift */,
				6CB1C4041D2E96E2004D2395 /* Main.storyboard */,
				6CB1C4071D2E96E2004D2395 /* Assets.xcassets */,
				6CB1C4091D2E96E2004D2395 /* LaunchScreen.storyboard */,
				6CB1C40C1D2E96E2004D2395 /* Info.plist */,
			);
			path = PitchPerfect;
			sourceTree = "<group>";
		};
		6CB1C4141D2E96E2004D2395 /* PitchPerfectTests */ = {
			isa = PBXGroup;
			children = (
				6CB1C4151D2E96E2004D2395 /* PitchPerfectTests.swift */,
				6CB1C4171D2E96E2004D2395 /* Info.plist */,
			);
			path = PitchPerfectTests;
			sourceTree = "<group>";
		};
		6CB1C41F1D2E96E2004D2395 /* PitchPerfectUITests */ = {
			isa = PBXGroup;
			children = (
				6CB1C4201D2E96E2004D2395 /* PitchPerfectUITests.swift */,
				6CB1C4221D2E96E2004D2395 /* Info.plist */,
			);
			path = PitchPerfectUITests;
			sourceTree = "<group>";
		};
/* End PBXGroup section */

/* Begin PBXNativeTarget section */
		6CB1C3FC1D2E96E2004D2395 /* PitchPerfect */ = {
			isa = PBXNativeTarget;
			buildConfigurationList = 6CB1C4251D2E96E2004D2395 /* Build configuration list for PBXNativeTarget "PitchPerfect" */;
			buildPhases = (
				6CB1C3F91D2E96E2004D2395 /* Sources */,
				6CB1C3FA1D2E96E2004D2395 /* Frameworks */,
				6CB1C3FB1D2E96E2004D2395 /* Resources */,
			);
			buildRules = (
			);
			dependencies = (
			);
			name = PitchPerfect;
			productName = PitchPerfect;
			productReference = 6CB1C3FD1D2E96E2004D2395 /* PitchPerfect.app */;
			productType = "com.apple.product-type.application";
		};
		6CB1C4101D2E96E2004D2395 /* PitchPerfectTests */ = {
			isa = PBXNativeTarget;
			buildConfigurationList = 6CB1C4281D2E96E2004D2395 /* Build configuration list for PBXNativeTarget "PitchPerfectTests" */;
			buildPhases = (
				6CB1C40D1D2E96E2004D2395 /* Sources */,
				6CB1C40E1D2E96E2004D2395 /* Frameworks */,
				6CB1C40F1D2E96E2004D2395 /* Resources */,
			);
			buildRules = (
			);
			dependencies = (
				6CB1C4131D2E96E2004D2395 /* PBXTargetDependency */,
			);
			name = PitchPerfectTests;
			productName = PitchPerfectTests;
			productReference = 6CB1C4111D2E96E2004D2395 /* PitchPerfectTests.xctest */;
			productType = "com.apple.product-type.bundle.unit-test";
		};
		6CB1C41B1D2E96E2004D2395 /* PitchPerfectUITests */ = {
			isa = PBXNativeTarget;
			buildConfigurationList = 6CB1C42B1D2E96E2004D2395 /* Build configuration list for PBXNativeTarget "PitchPerfectUITests" */;
			buildPhases = (
				6CB1C4181D2E96E2004D2395 /* Sources */,
				6CB1C4191D2E96E2004D2395 /* Frameworks */,
				6CB1C41A1D2E96E2004D2395 /* Resources */,
			);
			buildRules = (
			);
			dependencies = (
				6CB1C41E1D2E96E2004D2395 /* PBXTargetDependency */,
			);
			name = PitchPerfectUITests;
			productName = PitchPerfectUITests;
			productReference = 6CB1C41C1D2E96E2004D2395 /* PitchPerfectUITests.xctest */;
			productType = "com.apple.product-type.bundle.ui-testing";
		};
/* End PBXNativeTarget section */

/* Begin PBXProject section */
		6CB1C3F51D2E96E2004D2395 /* Project object */ = {
			isa = PBXProject;
			attributes = {
				LastSwiftUpdateCheck = 0730;
				LastUpgradeCheck = 0730;
				ORGANIZATIONNAME = Udacity;
				TargetAttributes = {
					6CB1C3FC1D2E96E2004D2395 = {
						CreatedOnToolsVersion = 7.3.1;
					};
					6CB1C4101D2E96E2004D2395 = {
						CreatedOnToolsVersion = 7.3.1;
						TestTargetID = 6CB1C3FC1D2E96E2004D2395;
					};
					6CB1C41B1D2E96E2004D2395 = {
						CreatedOnToolsVersion = 7.3.1;
						TestTargetID = 6CB1C3FC1D2E96E2004D2395;
					};
				};
			};
			buildConfigurationList = 6CB1C3F81D2E96E2004D2395 /* Build configuration list for PBXProject "PitchPerfect" */;
			compatibilityVersion = "Xcode 3.2";
			developmentRegion = English;
			hasScannedForEncodings = 0;
			knownRegions = (
				en,
				Base,
			);
			mainGroup = 6CB1C3F41D2E96E2004D2395;
			productRefGroup = 6CB1C3FE1D2E96E2004D2395 /* Products */;
			projectDirPath = "";
			projectRoot = "";
			targets = (
				6CB1C3FC1D2E96E2004D2395 /* PitchPerfect */,
				6CB1C4101D2E96E2004D2395 /* PitchPerfectTests */,
				6CB1C41B1D2E96E2004D2395 /* PitchPerfectUITests */,
			);
		};
/* End PBXProject section */

/* Begin PBXResourcesBuildPhase section */
		6CB1C3FB1D2E96E2004D2395 /* Resources */ = {
			isa = PBXResourcesBuildPhase;
			buildActionMask = 2147483647;
			files = (
				6CB1C40B1D2E96E2004D2395 /* LaunchScreen.storyboard in Resources */,
				6CB1C4081D2E96E2004D2395 /* Assets.xcassets in Resources */,
				6CB1C4061D2E96E2004D2395 /* Main.storyboard in Resources */,
			);
			runOnlyForDeploymentPostprocessing = 0;
		};
		6CB1C40F1D2E96E2004D2395 /* Resources */ = {
			isa = PBXResourcesBuildPhase;
			buildActionMask = 2147483647;
			files = (
			);
			runOnlyForDeploymentPostprocessing = 0;
		};
		6CB1C41A1D2E96E2004D2395 /* Resources */ = {
			isa = PBXResourcesBuildPhase;
			buildActionMask = 2147483647;
			files = (
			);
			runOnlyForDeploymentPostprocessing = 0;
		};
/* End PBXResourcesBuildPhase section */

/* Begin PBXSourcesBuildPhase section */
		6CB1C3F91D2E96E2004D2395 /* Sources */ = {
			isa = PBXSourcesBuildPhase;
			buildActionMask = 2147483647;
			files = (
				6CB1C4031D2E96E2004D2395 /* RecordSoundViewController.swift in Sources */,
				6C8A71FF1D2FF83700DA0999 /* PlaySoundsViewController+Audio.swift in Sources */,
				6C8A71FD1D2FE90D00DA0999 /* PlaySoundViewController.swift in Sources */,
				6CB1C4011D2E96E2004D2395 /* AppDelegate.swift in Sources */,
			);
			runOnlyForDeploymentPostprocessing = 0;
		};
		6CB1C40D1D2E96E2004D2395 /* Sources */ = {
			isa = PBXSourcesBuildPhase;
			buildActionMask = 2147483647;
			files = (
				6CB1C4161D2E96E2004D2395 /* PitchPerfectTests.swift in Sources */,
			);
			runOnlyForDeploymentPostprocessing = 0;
		};
		6CB1C4181D2E96E2004D2395 /* Sources */ = {
			isa = PBXSourcesBuildPhase;
			buildActionMask = 2147483647;
			files = (
				6CB1C4211D2E96E2004D2395 /* PitchPerfectUITests.swift in Sources */,
			);
			runOnlyForDeploymentPostprocessing = 0;
		};
/* End PBXSourcesBuildPhase section */

/* Begin PBXTargetDependency section */
		6CB1C4131D2E96E2004D2395 /* PBXTargetDependency */ = {
			isa = PBXTargetDependency;
			target = 6CB1C3FC1D2E96E2004D2395 /* PitchPerfect */;
			targetProxy = 6CB1C4121D2E96E2004D2395 /* PBXContainerItemProxy */;
		};
		6CB1C41E1D2E96E2004D2395 /* PBXTargetDependency */ = {
			isa = PBXTargetDependency;
			target = 6CB1C3FC1D2E96E2004D2395 /* PitchPerfect */;
			targetProxy = 6CB1C41D1D2E96E2004D2395 /* PBXContainerItemProxy */;
		};
/* End PBXTargetDependency section */

/* Begin PBXVariantGroup section */
		6CB1C4041D2E96E2004D2395 /* Main.storyboard */ = {
			isa = PBXVariantGroup;
			children = (
				6CB1C4051D2E96E2004D2395 /* Base */,
			);
			name = Main.storyboard;
			sourceTree = "<group>";
		};
		6CB1C4091D2E96E2004D2395 /* LaunchScreen.storyboard */ = {
			isa = PBXVariantGroup;
			children = (
				6CB1C40A1D2E96E2004D2395 /* Base */,
			);
			name = LaunchScreen.storyboard;
			sourceTree = "<group>";
		};
/* End PBXVariantGroup section */

/* Begin XCBuildConfiguration section */
		6CB1C4231D2E96E2004D2395 /* Debug */ = {
			isa = XCBuildConfiguration;
			buildSettings = {
				ALWAYS_SEARCH_USER_PATHS = NO;
				CLANG_ANALYZER_NONNULL = YES;
				CLANG_CXX_LANGUAGE_STANDARD = "gnu++0x";
				CLANG_CXX_LIBRARY = "libc++";
				CLANG_ENABLE_MODULES = YES;
				CLANG_ENABLE_OBJC_ARC = YES;
				CLANG_WARN_BOOL_CONVERSION = YES;
				CLANG_WARN_CONSTANT_CONVERSION = YES;
				CLANG_WARN_DIRECT_OBJC_ISA_USAGE = YES_ERROR;
				CLANG_WARN_EMPTY_BODY = YES;
				CLANG_WARN_ENUM_CONVERSION = YES;
				CLANG_WARN_INT_CONVERSION = YES;
				CLANG_WARN_OBJC_ROOT_CLASS = YES_ERROR;
				CLANG_WARN_UNREACHABLE_CODE = YES;
				CLANG_WARN__DUPLICATE_METHOD_MATCH = YES;
				"CODE_SIGN_IDENTITY[sdk=iphoneos*]" = "iPhone Developer";
				COPY_PHASE_STRIP = NO;
				DEBUG_INFORMATION_FORMAT = dwarf;
				ENABLE_STRICT_OBJC_MSGSEND = YES;
				ENABLE_TESTABILITY = YES;
				GCC_C_LANGUAGE_STANDARD = gnu99;
				GCC_DYNAMIC_NO_PIC = NO;
				GCC_NO_COMMON_BLOCKS = YES;
				GCC_OPTIMIZATION_LEVEL = 0;
				GCC_PREPROCESSOR_DEFINITIONS = (
					"DEBUG=1",
					"$(inherited)",
				);
				GCC_WARN_64_TO_32_BIT_CONVERSION = YES;
				GCC_WARN_ABOUT_RETURN_TYPE = YES_ERROR;
				GCC_WARN_UNDECLARED_SELECTOR = YES;
				GCC_WARN_UNINITIALIZED_AUTOS = YES_AGGRESSIVE;
				GCC_WARN_UNUSED_FUNCTION = YES;
				GCC_WARN_UNUSED_VARIABLE = YES;
				IPHONEOS_DEPLOYMENT_TARGET = 9.3;
				MTL_ENABLE_DEBUG_INFO = YES;
				ONLY_ACTIVE_ARCH = YES;
				SDKROOT = iphoneos;
				SWIFT_OPTIMIZATION_LEVEL = "-Onone";
				TARGETED_DEVICE_FAMILY = "1,2";
			};
			name = Debug;
		};
		6CB1C4241D2E96E2004D2395 /* Release */ = {
			isa = XCBuildConfiguration;
			buildSettings = {
				ALWAYS_SEARCH_USER_PATHS = NO;
				CLANG_ANALYZER_NONNULL = YES;
				CLANG_CXX_LANGUAGE_STANDARD = "gnu++0x";
				CLANG_CXX_LIBRARY = "libc++";
				CLANG_ENABLE_MODULES = YES;
				CLANG_ENABLE_OBJC_ARC = YES;
				CLANG_WARN_BOOL_CONVERSION = YES;
				CLANG_WARN_CONSTANT_CONVERSION = YES;
				CLANG_WARN_DIRECT_OBJC_ISA_USAGE = YES_ERROR;
				CLANG_WARN_EMPTY_BODY = YES;
				CLANG_WARN_ENUM_CONVERSION = YES;
				CLANG_WARN_INT_CONVERSION = YES;
				CLANG_WARN_OBJC_ROOT_CLASS = YES_ERROR;
				CLANG_WARN_UNREACHABLE_CODE = YES;
				CLANG_WARN__DUPLICATE_METHOD_MATCH = YES;
				"CODE_SIGN_IDENTITY[sdk=iphoneos*]" = "iPhone Developer";
				COPY_PHASE_STRIP = NO;
				DEBUG_INFORMATION_FORMAT = "dwarf-with-dsym";
				ENABLE_NS_ASSERTIONS = NO;
				ENABLE_STRICT_OBJC_MSGSEND = YES;
				GCC_C_LANGUAGE_STANDARD = gnu99;
				GCC_NO_COMMON_BLOCKS = YES;
				GCC_WARN_64_TO_32_BIT_CONVERSION = YES;
				GCC_WARN_ABOUT_RETURN_TYPE = YES_ERROR;
				GCC_WARN_UNDECLARED_SELECTOR = YES;
				GCC_WARN_UNINITIALIZED_AUTOS = YES_AGGRESSIVE;
				GCC_WARN_UNUSED_FUNCTION = YES;
				GCC_WARN_UNUSED_VARIABLE = YES;
				IPHONEOS_DEPLOYMENT_TARGET = 9.3;
				MTL_ENABLE_DEBUG_INFO = NO;
				SDKROOT = iphoneos;
				TARGETED_DEVICE_FAMILY = "1,2";
				VALIDATE_PRODUCT = YES;
			};
			name = Release;
		};
		6CB1C4261D2E96E2004D2395 /* Debug */ = {
			isa = XCBuildConfiguration;
			buildSettings = {
				ASSETCATALOG_COMPILER_APPICON_NAME = AppIcon;
				INFOPLIST_FILE = PitchPerfect/Info.plist;
				LD_RUNPATH_SEARCH_PATHS = "$(inherited) @executable_path/Frameworks";
				PRODUCT_BUNDLE_IDENTIFIER = com.udacity.PitchPerfect;
				PRODUCT_NAME = "$(TARGET_NAME)";
			};
			name = Debug;
		};
		6CB1C4271D2E96E2004D2395 /* Release */ = {
			isa = XCBuildConfiguration;
			buildSettings = {
				ASSETCATALOG_COMPILER_APPICON_NAME = AppIcon;
				INFOPLIST_FILE = PitchPerfect/Info.plist;
				LD_RUNPATH_SEARCH_PATHS = "$(inherited) @executable_path/Frameworks";
				PRODUCT_BUNDLE_IDENTIFIER = com.udacity.PitchPerfect;
				PRODUCT_NAME = "$(TARGET_NAME)";
			};
			name = Release;
		};
		6CB1C4291D2E96E2004D2395 /* Debug */ = {
			isa = XCBuildConfiguration;
			buildSettings = {
				BUNDLE_LOADER = "$(TEST_HOST)";
				INFOPLIST_FILE = PitchPerfectTests/Info.plist;
				LD_RUNPATH_SEARCH_PATHS = "$(inherited) @executable_path/Frameworks @loader_path/Frameworks";
				PRODUCT_BUNDLE_IDENTIFIER = com.udacity.PitchPerfectTests;
				PRODUCT_NAME = "$(TARGET_NAME)";
				TEST_HOST = "$(BUILT_PRODUCTS_DIR)/PitchPerfect.app/PitchPerfect";
			};
			name = Debug;
		};
		6CB1C42A1D2E96E2004D2395 /* Release */ = {
			isa = XCBuildConfiguration;
			buildSettings = {
				BUNDLE_LOADER = "$(TEST_HOST)";
				INFOPLIST_FILE = PitchPerfectTests/Info.plist;
				LD_RUNPATH_SEARCH_PATHS = "$(inherited) @executable_path/Frameworks @loader_path/Frameworks";
				PRODUCT_BUNDLE_IDENTIFIER = com.udacity.PitchPerfectTests;
				PRODUCT_NAME = "$(TARGET_NAME)";
				TEST_HOST = "$(BUILT_PRODUCTS_DIR)/PitchPerfect.app/PitchPerfect";
			};
			name = Release;
		};
		6CB1C42C1D2E96E2004D2395 /* Debug */ = {
			isa = XCBuildConfiguration;
			buildSettings = {
				INFOPLIST_FILE = PitchPerfectUITests/Info.plist;
				LD_RUNPATH_SEARCH_PATHS = "$(inherited) @executable_path/Frameworks @loader_path/Frameworks";
				PRODUCT_BUNDLE_IDENTIFIER = com.udacity.PitchPerfectUITests;
				PRODUCT_NAME = "$(TARGET_NAME)";
				TEST_TARGET_NAME = PitchPerfect;
			};
			name = Debug;
		};
		6CB1C42D1D2E96E2004D2395 /* Release */ = {
			isa = XCBuildConfiguration;
			buildSettings = {
				INFOPLIST_FILE = PitchPerfectUITests/Info.plist;
				LD_RUNPATH_SEARCH_PATHS = "$(inherited) @executable_path/Frameworks @loader_path/Frameworks";
				PRODUCT_BUNDLE_IDENTIFIER = com.udacity.PitchPerfectUITests;
				PRODUCT_NAME = "$(TARGET_NAME)";
				TEST_TARGET_NAME = PitchPerfect;
			};
			name = Release;
		};
/* End XCBuildConfiguration section */

/* Begin XCConfigurationList section */
		6CB1C3F81D2E96E2004D2395 /* Build configuration list for PBXProject "PitchPerfect" */ = {
			isa = XCConfigurationList;
			buildConfigurations = (
				6CB1C4231D2E96E2004D2395 /* Debug */,
				6CB1C4241D2E96E2004D2395 /* Release */,
			);
			defaultConfigurationIsVisible = 0;
			defaultConfigurationName = Release;
		};
		6CB1C4251D2E96E2004D2395 /* Build configuration list for PBXNativeTarget "PitchPerfect" */ = {
			isa = XCConfigurationList;
			buildConfigurations = (
				6CB1C4261D2E96E2004D2395 /* Debug */,
				6CB1C4271D2E96E2004D2395 /* Release */,
			);
			defaultConfigurationIsVisible = 0;
			defaultConfigurationName = Release;
		};
		6CB1C4281D2E96E2004D2395 /* Build configuration list for PBXNativeTarget "PitchPerfectTests" */ = {
			isa = XCConfigurationList;
			buildConfigurations = (
				6CB1C4291D2E96E2004D2395 /* Debug */,
				6CB1C42A1D2E96E2004D2395 /* Release */,
			);
			defaultConfigurationIsVisible = 0;
			defaultConfigurationName = Release;
		};
		6CB1C42B1D2E96E2004D2395 /* Build configuration list for PBXNativeTarget "PitchPerfectUITests" */ = {
			isa = XCConfigurationList;
			buildConfigurations = (
				6CB1C42C1D2E96E2004D2395 /* Debug */,
				6CB1C42D1D2E96E2004D2395 /* Release */,
			);
			defaultConfigurationIsVisible = 0;
			defaultConfigurationName = Release;
		};
/* End XCConfigurationList section */
	};
	rootObject = 6CB1C3F51D2E96E2004D2395 /* Project object */;
}
